// !$*UTF8*$!
{
	archiveVersion = 1;
	classes = {
	};
	objectVersion = 50;
	objects = {

/* Begin PBXBuildFile section */
		3D37DC6D230B478C0006A7A9 /* AppDelegate.swift in Sources */ = {isa = PBXBuildFile; fileRef = 3D37DC6C230B478C0006A7A9 /* AppDelegate.swift */; };
		3D37DC6F230B478C0006A7A9 /* ViewController.swift in Sources */ = {isa = PBXBuildFile; fileRef = 3D37DC6E230B478C0006A7A9 /* ViewController.swift */; };
		3D37DC72230B478C0006A7A9 /* Main.storyboard in Resources */ = {isa = PBXBuildFile; fileRef = 3D37DC70230B478C0006A7A9 /* Main.storyboard */; };
		3D37DC74230B478E0006A7A9 /* Assets.xcassets in Resources */ = {isa = PBXBuildFile; fileRef = 3D37DC73230B478E0006A7A9 /* Assets.xcassets */; };
		3D37DC77230B478E0006A7A9 /* LaunchScreen.storyboard in Resources */ = {isa = PBXBuildFile; fileRef = 3D37DC75230B478E0006A7A9 /* LaunchScreen.storyboard */; };
		3D37DC82230B478E0006A7A9 /* SizeClasesTests.swift in Sources */ = {isa = PBXBuildFile; fileRef = 3D37DC81230B478E0006A7A9 /* SizeClasesTests.swift */; };
		3D37DC8D230B478E0006A7A9 /* SizeClasesUITests.swift in Sources */ = {isa = PBXBuildFile; fileRef = 3D37DC8C230B478E0006A7A9 /* SizeClasesUITests.swift */; };
/* End PBXBuildFile section */

/* Begin PBXContainerItemProxy section */
		3D37DC7E230B478E0006A7A9 /* PBXContainerItemProxy */ = {
			isa = PBXContainerItemProxy;
			containerPortal = 3D37DC61230B478C0006A7A9 /* Project object */;
			proxyType = 1;
			remoteGlobalIDString = 3D37DC68230B478C0006A7A9;
			remoteInfo = SizeClases;
		};
		3D37DC89230B478E0006A7A9 /* PBXContainerItemProxy */ = {
			isa = PBXContainerItemProxy;
			containerPortal = 3D37DC61230B478C0006A7A9 /* Project object */;
			proxyType = 1;
			remoteGlobalIDString = 3D37DC68230B478C0006A7A9;
			remoteInfo = SizeClases;
		};
/* End PBXContainerItemProxy section */

/* Begin PBXFileReference section */
		3D37DC69230B478C0006A7A9 /* SizeClases.app */ = {isa = PBXFileReference; explicitFileType = wrapper.application; includeInIndex = 0; path = SizeClases.app; sourceTree = BUILT_PRODUCTS_DIR; };
		3D37DC6C230B478C0006A7A9 /* AppDelegate.swift */ = {isa = PBXFileReference; lastKnownFileType = sourcecode.swift; path = AppDelegate.swift; sourceTree = "<group>"; };
		3D37DC6E230B478C0006A7A9 /* ViewController.swift */ = {isa = PBXFileReference; lastKnownFileType = sourcecode.swift; path = ViewController.swift; sourceTree = "<group>"; };
		3D37DC71230B478C0006A7A9 /* Base */ = {isa = PBXFileReference; lastKnownFileType = file.storyboard; name = Base; path = Base.lproj/Main.storyboard; sourceTree = "<group>"; };
		3D37DC73230B478E0006A7A9 /* Assets.xcassets */ = {isa = PBXFileReference; lastKnownFileType = folder.assetcatalog; path = Assets.xcassets; sourceTree = "<group>"; };
		3D37DC76230B478E0006A7A9 /* Base */ = {isa = PBXFileReference; lastKnownFileType = file.storyboard; name = Base; path = Base.lproj/LaunchScreen.storyboard; sourceTree = "<group>"; };
		3D37DC78230B478E0006A7A9 /* Info.plist */ = {isa = PBXFileReference; lastKnownFileType = text.plist.xml; path = Info.plist; sourceTree = "<group>"; };
		3D37DC7D230B478E0006A7A9 /* SizeClasesTests.xctest */ = {isa = PBXFileReference; explicitFileType = wrapper.cfbundle; includeInIndex = 0; path = SizeClasesTests.xctest; sourceTree = BUILT_PRODUCTS_DIR; };
		3D37DC81230B478E0006A7A9 /* SizeClasesTests.swift */ = {isa = PBXFileReference; lastKnownFileType = sourcecode.swift; path = SizeClasesTests.swift; sourceTree = "<group>"; };
		3D37DC83230B478E0006A7A9 /* Info.plist */ = {isa = PBXFileReference; lastKnownFileType = text.plist.xml; path = Info.plist; sourceTree = "<group>"; };
		3D37DC88230B478E0006A7A9 /* SizeClasesUITests.xctest */ = {isa = PBXFileReference; explicitFileType = wrapper.cfbundle; includeInIndex = 0; path = SizeClasesUITests.xctest; sourceTree = BUILT_PRODUCTS_DIR; };
		3D37DC8C230B478E0006A7A9 /* SizeClasesUITests.swift */ = {isa = PBXFileReference; lastKnownFileType = sourcecode.swift; path = SizeClasesUITests.swift; sourceTree = "<group>"; };
		3D37DC8E230B478E0006A7A9 /* Info.plist */ = {isa = PBXFileReference; lastKnownFileType = text.plist.xml; path = Info.plist; sourceTree = "<group>"; };
/* End PBXFileReference section */

/* Begin PBXFrameworksBuildPhase section */
		3D37DC66230B478C0006A7A9 /* Frameworks */ = {
			isa = PBXFrameworksBuildPhase;
			buildActionMask = 2147483647;
			files = (
			);
			runOnlyForDeploymentPostprocessing = 0;
		};
		3D37DC7A230B478E0006A7A9 /* Frameworks */ = {
			isa = PBXFrameworksBuildPhase;
			buildActionMask = 2147483647;
			files = (
			);
			runOnlyForDeploymentPostprocessing = 0;
		};
		3D37DC85230B478E0006A7A9 /* Frameworks */ = {
			isa = PBXFrameworksBuildPhase;
			buildActionMask = 2147483647;
			files = (
			);
			runOnlyForDeploymentPostprocessing = 0;
		};
/* End PBXFrameworksBuildPhase section */

/* Begin PBXGroup section */
		3D37DC60230B478C0006A7A9 = {
			isa = PBXGroup;
			children = (
				3D37DC6B230B478C0006A7A9 /* SizeClases */,
				3D37DC80230B478E0006A7A9 /* SizeClasesTests */,
				3D37DC8B230B478E0006A7A9 /* SizeClasesUITests */,
				3D37DC6A230B478C0006A7A9 /* Products */,
			);
			sourceTree = "<group>";
		};
		3D37DC6A230B478C0006A7A9 /* Products */ = {
			isa = PBXGroup;
			children = (
				3D37DC69230B478C0006A7A9 /* SizeClases.app */,
				3D37DC7D230B478E0006A7A9 /* SizeClasesTests.xctest */,
				3D37DC88230B478E0006A7A9 /* SizeClasesUITests.xctest */,
			);
			name = Products;
			sourceTree = "<group>";
		};
		3D37DC6B230B478C0006A7A9 /* SizeClases */ = {
			isa = PBXGroup;
			children = (
				3D37DC6C230B478C0006A7A9 /* AppDelegate.swift */,
				3D37DC6E230B478C0006A7A9 /* ViewController.swift */,
				3D37DC70230B478C0006A7A9 /* Main.storyboard */,
				3D37DC73230B478E0006A7A9 /* Assets.xcassets */,
				3D37DC75230B478E0006A7A9 /* LaunchScreen.storyboard */,
				3D37DC78230B478E0006A7A9 /* Info.plist */,
			);
			path = SizeClases;
			sourceTree = "<group>";
		};
		3D37DC80230B478E0006A7A9 /* SizeClasesTests */ = {
			isa = PBXGroup;
			children = (
				3D37DC81230B478E0006A7A9 /* SizeClasesTests.swift */,
				3D37DC83230B478E0006A7A9 /* Info.plist */,
			);
			path = SizeClasesTests;
			sourceTree = "<group>";
		};
		3D37DC8B230B478E0006A7A9 /* SizeClasesUITests */ = {
			isa = PBXGroup;
			children = (
				3D37DC8C230B478E0006A7A9 /* SizeClasesUITests.swift */,
				3D37DC8E230B478E0006A7A9 /* Info.plist */,
			);
			path = SizeClasesUITests;
			sourceTree = "<group>";
		};
/* End PBXGroup section */

/* Begin PBXNativeTarget section */
		3D37DC68230B478C0006A7A9 /* SizeClases */ = {
			isa = PBXNativeTarget;
			buildConfigurationList = 3D37DC91230B478E0006A7A9 /* Build configuration list for PBXNativeTarget "SizeClases" */;
			buildPhases = (
				3D37DC65230B478C0006A7A9 /* Sources */,
				3D37DC66230B478C0006A7A9 /* Frameworks */,
				3D37DC67230B478C0006A7A9 /* Resources */,
			);
			buildRules = (
			);
			dependencies = (
			);
			name = SizeClases;
			productName = SizeClases;
			productReference = 3D37DC69230B478C0006A7A9 /* SizeClases.app */;
			productType = "com.apple.product-type.application";
		};
		3D37DC7C230B478E0006A7A9 /* SizeClasesTests */ = {
			isa = PBXNativeTarget;
			buildConfigurationList = 3D37DC94230B478E0006A7A9 /* Build configuration list for PBXNativeTarget "SizeClasesTests" */;
			buildPhases = (
				3D37DC79230B478E0006A7A9 /* Sources */,
				3D37DC7A230B478E0006A7A9 /* Frameworks */,
				3D37DC7B230B478E0006A7A9 /* Resources */,
			);
			buildRules = (
			);
			dependencies = (
				3D37DC7F230B478E0006A7A9 /* PBXTargetDependency */,
			);
			name = SizeClasesTests;
			productName = SizeClasesTests;
			productReference = 3D37DC7D230B478E0006A7A9 /* SizeClasesTests.xctest */;
			productType = "com.apple.product-type.bundle.unit-test";
		};
		3D37DC87230B478E0006A7A9 /* SizeClasesUITests */ = {
			isa = PBXNativeTarget;
			buildConfigurationList = 3D37DC97230B478E0006A7A9 /* Build configuration list for PBXNativeTarget "SizeClasesUITests" */;
			buildPhases = (
				3D37DC84230B478E0006A7A9 /* Sources */,
				3D37DC85230B478E0006A7A9 /* Frameworks */,
				3D37DC86230B478E0006A7A9 /* Resources */,
			);
			buildRules = (
			);
			dependencies = (
				3D37DC8A230B478E0006A7A9 /* PBXTargetDependency */,
			);
			name = SizeClasesUITests;
			productName = SizeClasesUITests;
			productReference = 3D37DC88230B478E0006A7A9 /* SizeClasesUITests.xctest */;
			productType = "com.apple.product-type.bundle.ui-testing";
		};
/* End PBXNativeTarget section */

/* Begin PBXProject section */
		3D37DC61230B478C0006A7A9 /* Project object */ = {
			isa = PBXProject;
			attributes = {
				LastSwiftUpdateCheck = 0940;
				LastUpgradeCheck = 0940;
				ORGANIZATIONNAME = Alumno;
				TargetAttributes = {
					3D37DC68230B478C0006A7A9 = {
						CreatedOnToolsVersion = 9.4.1;
					};
					3D37DC7C230B478E0006A7A9 = {
						CreatedOnToolsVersion = 9.4.1;
						TestTargetID = 3D37DC68230B478C0006A7A9;
					};
					3D37DC87230B478E0006A7A9 = {
						CreatedOnToolsVersion = 9.4.1;
						TestTargetID = 3D37DC68230B478C0006A7A9;
					};
				};
			};
			buildConfigurationList = 3D37DC64230B478C0006A7A9 /* Build configuration list for PBXProject "SizeClases" */;
			compatibilityVersion = "Xcode 9.3";
			developmentRegion = en;
			hasScannedForEncodings = 0;
			knownRegions = (
				en,
				Base,
			);
			mainGroup = 3D37DC60230B478C0006A7A9;
			productRefGroup = 3D37DC6A230B478C0006A7A9 /* Products */;
			projectDirPath = "";
			projectRoot = "";
			targets = (
				3D37DC68230B478C0006A7A9 /* SizeClases */,
				3D37DC7C230B478E0006A7A9 /* SizeClasesTests */,
				3D37DC87230B478E0006A7A9 /* SizeClasesUITests */,
			);
		};
/* End PBXProject section */

/* Begin PBXResourcesBuildPhase section */
		3D37DC67230B478C0006A7A9 /* Resources */ = {
			isa = PBXResourcesBuildPhase;
			buildActionMask = 2147483647;
			files = (
				3D37DC77230B478E0006A7A9 /* LaunchScreen.storyboard in Resources */,
				3D37DC74230B478E0006A7A9 /* Assets.xcassets in Resources */,
				3D37DC72230B478C0006A7A9 /* Main.storyboard in Resources */,
			);
			runOnlyForDeploymentPostprocessing = 0;
		};
		3D37DC7B230B478E0006A7A9 /* Resources */ = {
			isa = PBXResourcesBuildPhase;
			buildActionMask = 2147483647;
			files = (
			);
			runOnlyForDeploymentPostprocessing = 0;
		};
		3D37DC86230B478E0006A7A9 /* Resources */ = {
			isa = PBXResourcesBuildPhase;
			buildActionMask = 2147483647;
			files = (
			);
			runOnlyForDeploymentPostprocessing = 0;
		};
/* End PBXResourcesBuildPhase section */

/* Begin PBXSourcesBuildPhase section */
		3D37DC65230B478C0006A7A9 /* Sources */ = {
			isa = PBXSourcesBuildPhase;
			buildActionMask = 2147483647;
			files = (
				3D37DC6F230B478C0006A7A9 /* ViewController.swift in Sources */,
				3D37DC6D230B478C0006A7A9 /* AppDelegate.swift in Sources */,
			);
			runOnlyForDeploymentPostprocessing = 0;
		};
		3D37DC79230B478E0006A7A9 /* Sources */ = {
			isa = PBXSourcesBuildPhase;
			buildActionMask = 2147483647;
			files = (
				3D37DC82230B478E0006A7A9 /* SizeClasesTests.swift in Sources */,
			);
			runOnlyForDeploymentPostprocessing = 0;
		};
		3D37DC84230B478E0006A7A9 /* Sources */ = {
			isa = PBXSourcesBuildPhase;
			buildActionMask = 2147483647;
			files = (
				3D37DC8D230B478E0006A7A9 /* SizeClasesUITests.swift in Sources */,
			);
			runOnlyForDeploymentPostprocessing = 0;
		};
/* End PBXSourcesBuildPhase section */

/* Begin PBXTargetDependency section */
		3D37DC7F230B478E0006A7A9 /* PBXTargetDependency */ = {
			isa = PBXTargetDependency;
			target = 3D37DC68230B478C0006A7A9 /* SizeClases */;
			targetProxy = 3D37DC7E230B478E0006A7A9 /* PBXContainerItemProxy */;
		};
		3D37DC8A230B478E0006A7A9 /* PBXTargetDependency */ = {
			isa = PBXTargetDependency;
			target = 3D37DC68230B478C0006A7A9 /* SizeClases */;
			targetProxy = 3D37DC89230B478E0006A7A9 /* PBXContainerItemProxy */;
		};
/* End PBXTargetDependency section */

/* Begin PBXVariantGroup section */
		3D37DC70230B478C0006A7A9 /* Main.storyboard */ = {
			isa = PBXVariantGroup;
			children = (
				3D37DC71230B478C0006A7A9 /* Base */,
			);
			name = Main.storyboard;
			sourceTree = "<group>";
		};
		3D37DC75230B478E0006A7A9 /* LaunchScreen.storyboard */ = {
			isa = PBXVariantGroup;
			children = (
				3D37DC76230B478E0006A7A9 /* Base */,
			);
			name = LaunchScreen.storyboard;
			sourceTree = "<group>";
		};
/* End PBXVariantGroup section */

/* Begin XCBuildConfiguration section */
		3D37DC8F230B478E0006A7A9 /* Debug */ = {
			isa = XCBuildConfiguration;
			buildSettings = {
				ALWAYS_SEARCH_USER_PATHS = NO;
				CLANG_ANALYZER_NONNULL = YES;
				CLANG_ANALYZER_NUMBER_OBJECT_CONVERSION = YES_AGGRESSIVE;
				CLANG_CXX_LANGUAGE_STANDARD = "gnu++14";
				CLANG_CXX_LIBRARY = "libc++";
				CLANG_ENABLE_MODULES = YES;
				CLANG_ENABLE_OBJC_ARC = YES;
				CLANG_ENABLE_OBJC_WEAK = YES;
				CLANG_WARN_BLOCK_CAPTURE_AUTORELEASING = YES;
				CLANG_WARN_BOOL_CONVERSION = YES;
				CLANG_WARN_COMMA = YES;
				CLANG_WARN_CONSTANT_CONVERSION = YES;
				CLANG_WARN_DEPRECATED_OBJC_IMPLEMENTATIONS = YES;
				CLANG_WARN_DIRECT_OBJC_ISA_USAGE = YES_ERROR;
				CLANG_WARN_DOCUMENTATION_COMMENTS = YES;
				CLANG_WARN_EMPTY_BODY = YES;
				CLANG_WARN_ENUM_CONVERSION = YES;
				CLANG_WARN_INFINITE_RECURSION = YES;
				CLANG_WARN_INT_CONVERSION = YES;
				CLANG_WARN_NON_LITERAL_NULL_CONVERSION = YES;
				CLANG_WARN_OBJC_IMPLICIT_RETAIN_SELF = YES;
				CLANG_WARN_OBJC_LITERAL_CONVERSION = YES;
				CLANG_WARN_OBJC_ROOT_CLASS = YES_ERROR;
				CLANG_WARN_RANGE_LOOP_ANALYSIS = YES;
				CLANG_WARN_STRICT_PROTOTYPES = YES;
				CLANG_WARN_SUSPICIOUS_MOVE = YES;
				CLANG_WARN_UNGUARDED_AVAILABILITY = YES_AGGRESSIVE;
				CLANG_WARN_UNREACHABLE_CODE = YES;
				CLANG_WARN__DUPLICATE_METHOD_MATCH = YES;
				CODE_SIGN_IDENTITY = "iPhone Developer";
				COPY_PHASE_STRIP = NO;
				DEBUG_INFORMATION_FORMAT = dwarf;
				ENABLE_STRICT_OBJC_MSGSEND = YES;
				ENABLE_TESTABILITY = YES;
				GCC_C_LANGUAGE_STANDARD = gnu11;
				GCC_DYNAMIC_NO_PIC = NO;
				GCC_NO_COMMON_BLOCKS = YES;
				GCC_OPTIMIZATION_LEVEL = 0;
				GCC_PREPROCESSOR_DEFINITIONS = (
					"DEBUG=1",
					"$(inherited)",
				);
				GCC_WARN_64_TO_32_BIT_CONVERSION = YES;
				GCC_WARN_ABOUT_RETURN_TYPE = YES_ERROR;
				GCC_WARN_UNDECLARED_SELECTOR = YES;
				GCC_WARN_UNINITIALIZED_AUTOS = YES_AGGRESSIVE;
				GCC_WARN_UNUSED_FUNCTION = YES;
				GCC_WARN_UNUSED_VARIABLE = YES;
				IPHONEOS_DEPLOYMENT_TARGET = 11.4;
				MTL_ENABLE_DEBUG_INFO = YES;
				ONLY_ACTIVE_ARCH = YES;
				SDKROOT = iphoneos;
				SWIFT_ACTIVE_COMPILATION_CONDITIONS = DEBUG;
				SWIFT_OPTIMIZATION_LEVEL = "-Onone";
			};
			name = Debug;
		};
		3D37DC90230B478E0006A7A9 /* Release */ = {
			isa = XCBuildConfiguration;
			buildSettings = {
				ALWAYS_SEARCH_USER_PATHS = NO;
				CLANG_ANALYZER_NONNULL = YES;
				CLANG_ANALYZER_NUMBER_OBJECT_CONVERSION = YES_AGGRESSIVE;
				CLANG_CXX_LANGUAGE_STANDARD = "gnu++14";
				CLANG_CXX_LIBRARY = "libc++";
				CLANG_ENABLE_MODULES = YES;
				CLANG_ENABLE_OBJC_ARC = YES;
				CLANG_ENABLE_OBJC_WEAK = YES;
				CLANG_WARN_BLOCK_CAPTURE_AUTORELEASING = YES;
				CLANG_WARN_BOOL_CONVERSION = YES;
				CLANG_WARN_COMMA = YES;
				CLANG_WARN_CONSTANT_CONVERSION = YES;
				CLANG_WARN_DEPRECATED_OBJC_IMPLEMENTATIONS = YES;
				CLANG_WARN_DIRECT_OBJC_ISA_USAGE = YES_ERROR;
				CLANG_WARN_DOCUMENTATION_COMMENTS = YES;
				CLANG_WARN_EMPTY_BODY = YES;
				CLANG_WARN_ENUM_CONVERSION = YES;
				CLANG_WARN_INFINITE_RECURSION = YES;
				CLANG_WARN_INT_CONVERSION = YES;
				CLANG_WARN_NON_LITERAL_NULL_CONVERSION = YES;
				CLANG_WARN_OBJC_IMPLICIT_RETAIN_SELF = YES;
				CLANG_WARN_OBJC_LITERAL_CONVERSION = YES;
				CLANG_WARN_OBJC_ROOT_CLASS = YES_ERROR;
				CLANG_WARN_RANGE_LOOP_ANALYSIS = YES;
				CLANG_WARN_STRICT_PROTOTYPES = YES;
				CLANG_WARN_SUSPICIOUS_MOVE = YES;
				CLANG_WARN_UNGUARDED_AVAILABILITY = YES_AGGRESSIVE;
				CLANG_WARN_UNREACHABLE_CODE = YES;
				CLANG_WARN__DUPLICATE_METHOD_MATCH = YES;
				CODE_SIGN_IDENTITY = "iPhone Developer";
				COPY_PHASE_STRIP = NO;
				DEBUG_INFORMATION_FORMAT = "dwarf-with-dsym";
				ENABLE_NS_ASSERTIONS = NO;
				ENABLE_STRICT_OBJC_MSGSEND = YES;
				GCC_C_LANGUAGE_STANDARD = gnu11;
				GCC_NO_COMMON_BLOCKS = YES;
				GCC_WARN_64_TO_32_BIT_CONVERSION = YES;
				GCC_WARN_ABOUT_RETURN_TYPE = YES_ERROR;
				GCC_WARN_UNDECLARED_SELECTOR = YES;
				GCC_WARN_UNINITIALIZED_AUTOS = YES_AGGRESSIVE;
				GCC_WARN_UNUSED_FUNCTION = YES;
				GCC_WARN_UNUSED_VARIABLE = YES;
				IPHONEOS_DEPLOYMENT_TARGET = 11.4;
				MTL_ENABLE_DEBUG_INFO = NO;
				SDKROOT = iphoneos;
				SWIFT_COMPILATION_MODE = wholemodule;
				SWIFT_OPTIMIZATION_LEVEL = "-O";
				VALIDATE_PRODUCT = YES;
			};
			name = Release;
		};
		3D37DC92230B478E0006A7A9 /* Debug */ = {
			isa = XCBuildConfiguration;
			buildSettings = {
				ASSETCATALOG_COMPILER_APPICON_NAME = AppIcon;
				CODE_SIGN_STYLE = Automatic;
				INFOPLIST_FILE = SizeClases/Info.plist;
				LD_RUNPATH_SEARCH_PATHS = (
					"$(inherited)",
					"@executable_path/Frameworks",
				);
				PRODUCT_BUNDLE_IDENTIFIER = edu.ulsa.SizeClases;
				PRODUCT_NAME = "$(TARGET_NAME)";
				SWIFT_VERSION = 4.0;
				TARGETED_DEVICE_FAMILY = "1,2";
			};
			name = Debug;
		};
		3D37DC93230B478E0006A7A9 /* Release */ = {
			isa = XCBuildConfiguration;
			buildSettings = {
				ASSETCATALOG_COMPILER_APPICON_NAME = AppIcon;
				CODE_SIGN_STYLE = Automatic;
				INFOPLIST_FILE = SizeClases/Info.plist;
				LD_RUNPATH_SEARCH_PATHS = (
					"$(inherited)",
					"@executable_path/Frameworks",
				);
				PRODUCT_BUNDLE_IDENTIFIER = edu.ulsa.SizeClases;
				PRODUCT_NAME = "$(TARGET_NAME)";
				SWIFT_VERSION = 4.0;
				TARGETED_DEVICE_FAMILY = "1,2";
			};
			name = Release;
		};
		3D37DC95230B478E0006A7A9 /* Debug */ = {
			isa = XCBuildConfiguration;
			buildSettings = {
				ALWAYS_EMBED_SWIFT_STANDARD_LIBRARIES = YES;
				BUNDLE_LOADER = "$(TEST_HOST)";
				CODE_SIGN_STYLE = Automatic;
				INFOPLIST_FILE = SizeClasesTests/Info.plist;
				LD_RUNPATH_SEARCH_PATHS = (
					"$(inherited)",
					"@executable_path/Frameworks",
					"@loader_path/Frameworks",
				);
				PRODUCT_BUNDLE_IDENTIFIER = edu.ulsa.SizeClasesTests;
				PRODUCT_NAME = "$(TARGET_NAME)";
				SWIFT_VERSION = 4.0;
				TARGETED_DEVICE_FAMILY = "1,2";
				TEST_HOST = "$(BUILT_PRODUCTS_DIR)/SizeClases.app/SizeClases";
			};
			name = Debug;
		};
		3D37DC96230B478E0006A7A9 /* Release */ = {
			isa = XCBuildConfiguration;
			buildSettings = {
				ALWAYS_EMBED_SWIFT_STANDARD_LIBRARIES = YES;
				BUNDLE_LOADER = "$(TEST_HOST)";
				CODE_SIGN_STYLE = Automatic;
				INFOPLIST_FILE = SizeClasesTests/Info.plist;
				LD_RUNPATH_SEARCH_PATHS = (
					"$(inherited)",
					"@executable_path/Frameworks",
					"@loader_path/Frameworks",
				);
				PRODUCT_BUNDLE_IDENTIFIER = edu.ulsa.SizeClasesTests;
				PRODUCT_NAME = "$(TARGET_NAME)";
				SWIFT_VERSION = 4.0;
				TARGETED_DEVICE_FAMILY = "1,2";
				TEST_HOST = "$(BUILT_PRODUCTS_DIR)/SizeClases.app/SizeClases";
			};
			name = Release;
		};
		3D37DC98230B478E0006A7A9 /* Debug */ = {
			isa = XCBuildConfiguration;
			buildSettings = {
				ALWAYS_EMBED_SWIFT_STANDARD_LIBRARIES = YES;
				CODE_SIGN_STYLE = Automatic;
				INFOPLIST_FILE = SizeClasesUITests/Info.plist;
				LD_RUNPATH_SEARCH_PATHS = (
					"$(inherited)",
					"@executable_path/Frameworks",
					"@loader_path/Frameworks",
				);
				PRODUCT_BUNDLE_IDENTIFIER = edu.ulsa.SizeClasesUITests;
				PRODUCT_NAME = "$(TARGET_NAME)";
				SWIFT_VERSION = 4.0;
				TARGETED_DEVICE_FAMILY = "1,2";
				TEST_TARGET_NAME = SizeClases;
			};
			name = Debug;
		};
		3D37DC99230B478E0006A7A9 /* Release */ = {
			isa = XCBuildConfiguration;
			buildSettings = {
				ALWAYS_EMBED_SWIFT_STANDARD_LIBRARIES = YES;
				CODE_SIGN_STYLE = Automatic;
				INFOPLIST_FILE = SizeClasesUITests/Info.plist;
				LD_RUNPATH_SEARCH_PATHS = (
					"$(inherited)",
					"@executable_path/Frameworks",
					"@loader_path/Frameworks",
				);
				PRODUCT_BUNDLE_IDENTIFIER = edu.ulsa.SizeClasesUITests;
				PRODUCT_NAME = "$(TARGET_NAME)";
				SWIFT_VERSION = 4.0;
				TARGETED_DEVICE_FAMILY = "1,2";
				TEST_TARGET_NAME = SizeClases;
			};
			name = Release;
		};
/* End XCBuildConfiguration section */

/* Begin XCConfigurationList section */
		3D37DC64230B478C0006A7A9 /* Build configuration list for PBXProject "SizeClases" */ = {
			isa = XCConfigurationList;
			buildConfigurations = (
				3D37DC8F230B478E0006A7A9 /* Debug */,
				3D37DC90230B478E0006A7A9 /* Release */,
			);
			defaultConfigurationIsVisible = 0;
			defaultConfigurationName = Release;
		};
		3D37DC91230B478E0006A7A9 /* Build configuration list for PBXNativeTarget "SizeClases" */ = {
			isa = XCConfigurationList;
			buildConfigurations = (
				3D37DC92230B478E0006A7A9 /* Debug */,
				3D37DC93230B478E0006A7A9 /* Release */,
			);
			defaultConfigurationIsVisible = 0;
			defaultConfigurationName = Release;
		};
		3D37DC94230B478E0006A7A9 /* Build configuration list for PBXNativeTarget "SizeClasesTests" */ = {
			isa = XCConfigurationList;
			buildConfigurations = (
				3D37DC95230B478E0006A7A9 /* Debug */,
				3D37DC96230B478E0006A7A9 /* Release */,
			);
			defaultConfigurationIsVisible = 0;
			defaultConfigurationName = Release;
		};
		3D37DC97230B478E0006A7A9 /* Build configuration list for PBXNativeTarget "SizeClasesUITests" */ = {
			isa = XCConfigurationList;
			buildConfigurations = (
				3D37DC98230B478E0006A7A9 /* Debug */,
				3D37DC99230B478E0006A7A9 /* Release */,
			);
			defaultConfigurationIsVisible = 0;
			defaultConfigurationName = Release;
		};
/* End XCConfigurationList section */
	};
	rootObject = 3D37DC61230B478C0006A7A9 /* Project object */;
}
